
Microsoft Visual Studio Solution File, Format Version 12.00
# Visual Studio Version 16
VisualStudioVersion = 16.0.29926.136
MinimumVisualStudioVersion = 10.0.40219.1
Project("{FAE04EC0-301F-11D3-BF4B-00C04F79EFBC}") = "AzureSearch", "AzureSearch.csproj", "{0B69D858-986D-42AA-9374-6B59DD96C9DA}"
EndProject
Global
	GlobalSection(SolutionConfigurationPlatforms) = preSolution
		Debug|Any CPU = Debug|Any CPU
		Release|Any CPU = Release|Any CPU
	EndGlobalSection
	GlobalSection(ProjectConfigurationPlatforms) = postSolution
		{0B69D858-986D-42AA-9374-6B59DD96C9DA}.Debug|Any CPU.ActiveCfg = Debug|Any CPU
		{0B69D858-986D-42AA-9374-6B59DD96C9DA}.Debug|Any CPU.Build.0 = Debug|Any CPU
		{0B69D858-986D-42AA-9374-6B59DD96C9DA}.Release|Any CPU.ActiveCfg = Release|Any CPU
		{0B69D858-986D-42AA-9374-6B59DD96C9DA}.Release|Any CPU.Build.0 = Release|Any CPU
	EndGlobalSection
	GlobalSection(SolutionProperties) = preSolution
		HideSolutionNode = FALSE
	EndGlobalSection
	GlobalSection(ExtensibilityGlobals) = postSolution
		SolutionGuid = {199126B4-53BD-4F2D-9331-634D55035EDF}
	EndGlobalSection
EndGlobal
